{
  "name": "scene-agent",
  "lockfileVersion": 3,
  "requires": true,
  "packages": {
    "": {
      "name": "scene-agent",
      "dependencies": {
        "playcanvas": "2.3.3"
      },
      "engines": {
        "node": ">=18"
      }
    },
    "node_modules/@types/webxr": {
      "version": "0.5.24",
      "resolved": "https://registry.npmjs.org/@types/webxr/-/webxr-0.5.24.tgz",
      "integrity": "sha512-h8fgEd/DpoS9CBrjEQXR+dIDraopAEfu4wYVNY2tEPwk60stPWhvZMf4Foo5FakuQ7HFZoa8WceaWFervK2Ovg==",
      "license": "MIT"
    },
    "node_modules/@webgpu/types": {
      "version": "0.1.72",
      "resolved": "https://registry.npmjs.org/@webgpu/types/-/types-0.1.72.tgz",
      "integrity": "sha512-0cF7RFM2edNoiIS1ODJp0/Gzv4/xSXhwoR0YCza+OWpJWtn4wmo9DvK91aLlH9+uUnwIriP7ZiC3WitmyhuzBw==",
      "license": "BSD-3-Clause"
    },
    "node_modules/playcanvas": {
      "version": "2.3.3",
      "resolved": "https://registry.npmjs.org/playcanvas/-/playcanvas-2.3.3.tgz",
      "integrity": "sha512-0Lzq5wJliAQ9NmU//pK6HPW/S3x95/z4Z/cOpPcX0qYbePESUyZupcViOVsclXW0SEKBnEzRjNuWAtgMw1kraA==",
      "license": "MIT",
      "dependencies": {
        "@types/webxr": "^0.5.16",
        "@webgpu/types": "^0.1.40"
      },
      "engines": {
        "node": ">=18.0.0"
      }
    }
  }
}
